
Microsoft Visual Studio Solution File, Format Version 12.00
# Visual Studio Version 16
VisualStudioVersion = 16.0.31729.503
MinimumVisualStudioVersion = 10.0.40219.1
Project("{FAE04EC0-301F-11D3-BF4B-00C04F79EFBC}") = "CoreJwtExample", "CoreJwtExample\CoreJwtExample.csproj", "{D042E5F3-8606-4835-91A0-6383C9F79EFF}"
EndProject
Global
	GlobalSection(SolutionConfigurationPlatforms) = preSolution
		Debug|Any CPU = Debug|Any CPU
		Release|Any CPU = Release|Any CPU
	EndGlobalSection
	GlobalSection(ProjectConfigurationPlatforms) = postSolution
		{D042E5F3-8606-4835-91A0-6383C9F79EFF}.Debug|Any CPU.ActiveCfg = Debug|Any CPU
		{D042E5F3-8606-4835-91A0-6383C9F79EFF}.Debug|Any CPU.Build.0 = Debug|Any CPU
		{D042E5F3-8606-4835-91A0-6383C9F79EFF}.Release|Any CPU.ActiveCfg = Release|Any CPU
		{D042E5F3-8606-4835-91A0-6383C9F79EFF}.Release|Any CPU.Build.0 = Release|Any CPU
	EndGlobalSection
	GlobalSection(SolutionProperties) = preSolution
		HideSolutionNode = FALSE
	EndGlobalSection
	GlobalSection(ExtensibilityGlobals) = postSolution
		SolutionGuid = {EC3FC5F2-F778-4DAB-B5F9-ED03CA1A0E90}
	EndGlobalSection
EndGlobal
